
Microsoft Visual Studio Solution File, Format Version 12.00
# Visual Studio Version 17
VisualStudioVersion = 17.3.32922.545
MinimumVisualStudioVersion = 10.0.40219.1
Project("{9A19103F-16F7-4668-BE54-9A1E7A4F7556}") = "MyCarService", "MyCarService\MyCarService.csproj", "{724556EC-16CB-4159-B7A3-C60370B66A36}"
EndProject
Project("{FAE04EC0-301F-11D3-BF4B-00C04F79EFBC}") = "MyCarService.Tests", "MyCarService.Tests\MyCarService.Tests.csproj", "{DAD42343-324E-4ACC-ACD6-348900D16FBB}"
EndProject
Global
	GlobalSection(SolutionConfigurationPlatforms) = preSolution
		Debug|Any CPU = Debug|Any CPU
		Release|Any CPU = Release|Any CPU
	EndGlobalSection
	GlobalSection(ProjectConfigurationPlatforms) = postSolution
		{724556EC-16CB-4159-B7A3-C60370B66A36}.Debug|Any CPU.ActiveCfg = Debug|Any CPU
		{724556EC-16CB-4159-B7A3-C60370B66A36}.Debug|Any CPU.Build.0 = Debug|Any CPU
		{724556EC-16CB-4159-B7A3-C60370B66A36}.Release|Any CPU.ActiveCfg = Release|Any CPU
		{724556EC-16CB-4159-B7A3-C60370B66A36}.Release|Any CPU.Build.0 = Release|Any CPU
		{DAD42343-324E-4ACC-ACD6-348900D16FBB}.Debug|Any CPU.ActiveCfg = Debug|Any CPU
		{DAD42343-324E-4ACC-ACD6-348900D16FBB}.Debug|Any CPU.Build.0 = Debug|Any CPU
		{DAD42343-324E-4ACC-ACD6-348900D16FBB}.Release|Any CPU.ActiveCfg = Release|Any CPU
		{DAD42343-324E-4ACC-ACD6-348900D16FBB}.Release|Any CPU.Build.0 = Release|Any CPU
	EndGlobalSection
	GlobalSection(SolutionProperties) = preSolution
		HideSolutionNode = FALSE
	EndGlobalSection
	GlobalSection(ExtensibilityGlobals) = postSolution
		SolutionGuid = {B4E69918-D63D-4C34-9E26-ED661518D231}
	EndGlobalSection
EndGlobal
